// !$*UTF8*$!
{
	archiveVersion = 1;
	classes = {
	};
	objectVersion = 50;
	objects = {

/* Begin PBXBuildFile section */
		1810011627E9E5CF00A18B1B /* BoldTextLabel.swift in Sources */ = {isa = PBXBuildFile; fileRef = 1810011527E9E5CF00A18B1B /* BoldTextLabel.swift */; };
		1810011827EB5C6300A18B1B /* AbilitieView.swift in Sources */ = {isa = PBXBuildFile; fileRef = 1810011727EB5C6300A18B1B /* AbilitieView.swift */; };
		1810011A27EB5DCA00A18B1B /* UniqueActionView.swift in Sources */ = {isa = PBXBuildFile; fileRef = 1810011927EB5DCA00A18B1B /* UniqueActionView.swift */; };
		1810011C27EB633B00A18B1B /* HeaderView.swift in Sources */ = {isa = PBXBuildFile; fileRef = 1810011B27EB633B00A18B1B /* HeaderView.swift */; };
		18103AA127F5F9F400DBD2C4 /* ErrorLayer.swift in Sources */ = {isa = PBXBuildFile; fileRef = 18103AA027F5F9F400DBD2C4 /* ErrorLayer.swift */; };
		18339DAC27C21BED00EBCC35 /* TacOpsCollectionCell.swift in Sources */ = {isa = PBXBuildFile; fileRef = 18339DAB27C21BED00EBCC35 /* TacOpsCollectionCell.swift */; };
		1850BFA227E6871E00BBE41A /* AllFactionV1 .json in Resources */ = {isa = PBXBuildFile; fileRef = 1850BFA127E6871E00BBE41A /* AllFactionV1 .json */; };
		1857E36A27C4E6D100FEFA76 /* MoreInfoTacOpView.swift in Sources */ = {isa = PBXBuildFile; fileRef = 1857E36927C4E6D100FEFA76 /* MoreInfoTacOpView.swift */; };
		1857E37027C574B900FEFA76 /* ChoosenTacOpsModel.swift in Sources */ = {isa = PBXBuildFile; fileRef = 1857E36F27C574B900FEFA76 /* ChoosenTacOpsModel.swift */; };
		1857E37327C574E600FEFA76 /* ChoosenTacOpsViewController.swift in Sources */ = {isa = PBXBuildFile; fileRef = 1857E37227C574E600FEFA76 /* ChoosenTacOpsViewController.swift */; };
		1857E37527C575EF00FEFA76 /* ChoosenTacOpsPresenter.swift in Sources */ = {isa = PBXBuildFile; fileRef = 1857E37427C575EF00FEFA76 /* ChoosenTacOpsPresenter.swift */; };
		1857E37727C57BF600FEFA76 /* ChoosenTacOpsCell.swift in Sources */ = {isa = PBXBuildFile; fileRef = 1857E37627C57BF600FEFA76 /* ChoosenTacOpsCell.swift */; };
		1857E37927C6341E00FEFA76 /* GameStore.swift in Sources */ = {isa = PBXBuildFile; fileRef = 1857E37827C6341E00FEFA76 /* GameStore.swift */; };
		1857E37B27C6B94A00FEFA76 /* PloyMoreInfoView.swift in Sources */ = {isa = PBXBuildFile; fileRef = 1857E37A27C6B94A00FEFA76 /* PloyMoreInfoView.swift */; };
		1892482627EF06E800F1996C /* WeaponRuleButton.swift in Sources */ = {isa = PBXBuildFile; fileRef = 1892482527EF06E800F1996C /* WeaponRuleButton.swift */; };
		1892482827EF1BC300F1996C /* WeaponRuleAlertController.swift in Sources */ = {isa = PBXBuildFile; fileRef = 1892482727EF1BC300F1996C /* WeaponRuleAlertController.swift */; };
		1892484A27F09BAF00F1996C /* Constant.swift in Sources */ = {isa = PBXBuildFile; fileRef = 1892484927F09BAF00F1996C /* Constant.swift */; };
		1892484D27F1F1AD00F1996C /* BoldLabel.swift in Sources */ = {isa = PBXBuildFile; fileRef = 1892484C27F1F1AD00F1996C /* BoldLabel.swift */; };
		18A5214927C17D5B003A29DA /* AppDelegate.swift in Sources */ = {isa = PBXBuildFile; fileRef = 18A5214827C17D5B003A29DA /* AppDelegate.swift */; };
		18A5214B27C17D5B003A29DA /* SceneDelegate.swift in Sources */ = {isa = PBXBuildFile; fileRef = 18A5214A27C17D5B003A29DA /* SceneDelegate.swift */; };
		18A5215227C17D5C003A29DA /* Assets.xcassets in Resources */ = {isa = PBXBuildFile; fileRef = 18A5215127C17D5C003A29DA /* Assets.xcassets */; };
		18A5215527C17D5C003A29DA /* LaunchScreen.storyboard in Resources */ = {isa = PBXBuildFile; fileRef = 18A5215327C17D5C003A29DA /* LaunchScreen.storyboard */; };
		18A5215D27C17DB7003A29DA /* Builder.swift in Sources */ = {isa = PBXBuildFile; fileRef = 18A5215C27C17DB7003A29DA /* Builder.swift */; };
		18A5215F27C17DE7003A29DA /* SaveData.swift in Sources */ = {isa = PBXBuildFile; fileRef = 18A5215E27C17DE7003A29DA /* SaveData.swift */; };
		18A5216127C17DF7003A29DA /* Store.swift in Sources */ = {isa = PBXBuildFile; fileRef = 18A5216027C17DF7003A29DA /* Store.swift */; };
		18A5216427C17E3B003A29DA /* EditKillTeamRouter.swift in Sources */ = {isa = PBXBuildFile; fileRef = 18A5216327C17E3B003A29DA /* EditKillTeamRouter.swift */; };
		18A5216727C17E72003A29DA /* KillTeamObserverRouter.swift in Sources */ = {isa = PBXBuildFile; fileRef = 18A5216627C17E72003A29DA /* KillTeamObserverRouter.swift */; };
		18A5216927C17E89003A29DA /* MainTabBarController.swift in Sources */ = {isa = PBXBuildFile; fileRef = 18A5216827C17E89003A29DA /* MainTabBarController.swift */; };
		18A5216B27C17EB9003A29DA /* MainTabBarRouter.swift in Sources */ = {isa = PBXBuildFile; fileRef = 18A5216A27C17EB9003A29DA /* MainTabBarRouter.swift */; };
		18A5216D27C17ED8003A29DA /* PloysRouter.swift in Sources */ = {isa = PBXBuildFile; fileRef = 18A5216C27C17ED8003A29DA /* PloysRouter.swift */; };
		18A5216F27C17EF0003A29DA /* TacOpsRouter.swift in Sources */ = {isa = PBXBuildFile; fileRef = 18A5216E27C17EF0003A29DA /* TacOpsRouter.swift */; };
		18A5217627C181CB003A29DA /* AddFireTeamPresenter.swift in Sources */ = {isa = PBXBuildFile; fileRef = 18A5217527C181CB003A29DA /* AddFireTeamPresenter.swift */; };
		18A5217827C181E8003A29DA /* AddFireTeamModel.swift in Sources */ = {isa = PBXBuildFile; fileRef = 18A5217727C181E8003A29DA /* AddFireTeamModel.swift */; };
		18A5217A27C18209003A29DA /* AddFireTeamCell.swift in Sources */ = {isa = PBXBuildFile; fileRef = 18A5217927C18209003A29DA /* AddFireTeamCell.swift */; };
		18A5217C27C18222003A29DA /* AddFireTeamTableVC.swift in Sources */ = {isa = PBXBuildFile; fileRef = 18A5217B27C18222003A29DA /* AddFireTeamTableVC.swift */; };
		18A5217E27C18237003A29DA /* ExtensionAddFireTeamVC.swift in Sources */ = {isa = PBXBuildFile; fileRef = 18A5217D27C18237003A29DA /* ExtensionAddFireTeamVC.swift */; };
		18A5218027C1825D003A29DA /* Model.swift in Sources */ = {isa = PBXBuildFile; fileRef = 18A5217F27C1825D003A29DA /* Model.swift */; };
		18A5218627C182E2003A29DA /* ChooseLoadedKillTeamPresenter.swift in Sources */ = {isa = PBXBuildFile; fileRef = 18A5218527C182E2003A29DA /* ChooseLoadedKillTeamPresenter.swift */; };
		18A5218827C18301003A29DA /* ChooseLoadedKillTeamModel.swift in Sources */ = {isa = PBXBuildFile; fileRef = 18A5218727C18301003A29DA /* ChooseLoadedKillTeamModel.swift */; };
		18A5218A27C18321003A29DA /* ChooseLoadedKillTeamController.swift in Sources */ = {isa = PBXBuildFile; fileRef = 18A5218927C18321003A29DA /* ChooseLoadedKillTeamController.swift */; };
		18A5219027C18380003A29DA /* ChooseKillTeamPresenter.swift in Sources */ = {isa = PBXBuildFile; fileRef = 18A5218F27C18380003A29DA /* ChooseKillTeamPresenter.swift */; };
		18A5219227C1839B003A29DA /* ChooseKillTeamModel.swift in Sources */ = {isa = PBXBuildFile; fileRef = 18A5219127C1839B003A29DA /* ChooseKillTeamModel.swift */; };
		18A5219427C183C6003A29DA /* ChooseKillTeamTableViewCell.swift in Sources */ = {isa = PBXBuildFile; fileRef = 18A5219327C183C6003A29DA /* ChooseKillTeamTableViewCell.swift */; };
		18A5219627C183DB003A29DA /* ChooseKillTeamTableViewController.swift in Sources */ = {isa = PBXBuildFile; fileRef = 18A5219527C183DB003A29DA /* ChooseKillTeamTableViewController.swift */; };
		18A5219C27C18421003A29DA /* CounterPresenter.swift in Sources */ = {isa = PBXBuildFile; fileRef = 18A5219B27C18421003A29DA /* CounterPresenter.swift */; };
		18A5219E27C1843B003A29DA /* CounterModel.swift in Sources */ = {isa = PBXBuildFile; fileRef = 18A5219D27C1843B003A29DA /* CounterModel.swift */; };
		18A521A027C18467003A29DA /* CounterViewController.swift in Sources */ = {isa = PBXBuildFile; fileRef = 18A5219F27C18467003A29DA /* CounterViewController.swift */; };
		18A521A227C18486003A29DA /* CounterViewExtention.swift in Sources */ = {isa = PBXBuildFile; fileRef = 18A521A127C18486003A29DA /* CounterViewExtention.swift */; };
		18A521A427C1849F003A29DA /* CurrentKillTeamView.swift in Sources */ = {isa = PBXBuildFile; fileRef = 18A521A327C1849F003A29DA /* CurrentKillTeamView.swift */; };
		18A521AA27C18509003A29DA /* EditKillTeamModel.swift in Sources */ = {isa = PBXBuildFile; fileRef = 18A521A927C18509003A29DA /* EditKillTeamModel.swift */; };
		18A521AC27C18520003A29DA /* EditKillTeamPresenter.swift in Sources */ = {isa = PBXBuildFile; fileRef = 18A521AB27C18520003A29DA /* EditKillTeamPresenter.swift */; };
		18A521AE27C18538003A29DA /* EditKillTeamCell.swift in Sources */ = {isa = PBXBuildFile; fileRef = 18A521AD27C18538003A29DA /* EditKillTeamCell.swift */; };
		18A521B027C18566003A29DA /* EditKillTeamTableViewController.swift in Sources */ = {isa = PBXBuildFile; fileRef = 18A521AF27C18566003A29DA /* EditKillTeamTableViewController.swift */; };
		18A521B627C18A23003A29DA /* EditUnitModel.swift in Sources */ = {isa = PBXBuildFile; fileRef = 18A521B527C18A23003A29DA /* EditUnitModel.swift */; };
		18A521B827C18A5C003A29DA /* EditUnitPresenter.swift in Sources */ = {isa = PBXBuildFile; fileRef = 18A521B727C18A5C003A29DA /* EditUnitPresenter.swift */; };
		18A521BA27C18A90003A29DA /* EditUnitViewController.swift in Sources */ = {isa = PBXBuildFile; fileRef = 18A521B927C18A90003A29DA /* EditUnitViewController.swift */; };
		18A521BC27C18ABC003A29DA /* EditUnitWargearCell.swift in Sources */ = {isa = PBXBuildFile; fileRef = 18A521BB27C18ABC003A29DA /* EditUnitWargearCell.swift */; };
		18A521BE27C18AE1003A29DA /* EditUnitEquipmentCell.swift in Sources */ = {isa = PBXBuildFile; fileRef = 18A521BD27C18AE1003A29DA /* EditUnitEquipmentCell.swift */; };
		18A521C027C18AFF003A29DA /* WeaponView.swift in Sources */ = {isa = PBXBuildFile; fileRef = 18A521BF27C18AFF003A29DA /* WeaponView.swift */; };
		18A521C227C18B5E003A29DA /* CustomAlert.swift in Sources */ = {isa = PBXBuildFile; fileRef = 18A521C127C18B5E003A29DA /* CustomAlert.swift */; };
		18A521C427C18BB6003A29DA /* EquipmentView.swift in Sources */ = {isa = PBXBuildFile; fileRef = 18A521C327C18BB6003A29DA /* EquipmentView.swift */; };
		18D3B94227C18ECB00B74C2D /* RosterModel.swift in Sources */ = {isa = PBXBuildFile; fileRef = 18D3B94127C18ECB00B74C2D /* RosterModel.swift */; };
		18D3B94427C18EF100B74C2D /* RosterTableViewController.swift in Sources */ = {isa = PBXBuildFile; fileRef = 18D3B94327C18EF100B74C2D /* RosterTableViewController.swift */; };
		18D3B94627C18F2100B74C2D /* RosterPresenter.swift in Sources */ = {isa = PBXBuildFile; fileRef = 18D3B94527C18F2100B74C2D /* RosterPresenter.swift */; };
		18D3B94827C18F4000B74C2D /* MoreInfoUnitModel.swift in Sources */ = {isa = PBXBuildFile; fileRef = 18D3B94727C18F4000B74C2D /* MoreInfoUnitModel.swift */; };
		18D3B94A27C18F5400B74C2D /* MoreUnitInfoPresenter.swift in Sources */ = {isa = PBXBuildFile; fileRef = 18D3B94927C18F5400B74C2D /* MoreUnitInfoPresenter.swift */; };
		18D3B94C27C18F7200B74C2D /* MoreInfoUnitViewController.swift in Sources */ = {isa = PBXBuildFile; fileRef = 18D3B94B27C18F7200B74C2D /* MoreInfoUnitViewController.swift */; };
		18D3B94E27C18F8500B74C2D /* MethodUIExtention.swift in Sources */ = {isa = PBXBuildFile; fileRef = 18D3B94D27C18F8500B74C2D /* MethodUIExtention.swift */; };
		18D3B95027C18FA100B74C2D /* AdditionalVIew.swift in Sources */ = {isa = PBXBuildFile; fileRef = 18D3B94F27C18FA100B74C2D /* AdditionalVIew.swift */; };
		18D3B95727C18FFE00B74C2D /* PloysModel.swift in Sources */ = {isa = PBXBuildFile; fileRef = 18D3B95627C18FFE00B74C2D /* PloysModel.swift */; };
		18D3B95927C1901400B74C2D /* PloysPresenter.swift in Sources */ = {isa = PBXBuildFile; fileRef = 18D3B95827C1901400B74C2D /* PloysPresenter.swift */; };
		18D3B95B27C1903200B74C2D /* PloysViewController.swift in Sources */ = {isa = PBXBuildFile; fileRef = 18D3B95A27C1903200B74C2D /* PloysViewController.swift */; };
		18D3B95D27C1905400B74C2D /* PloysTableViewCell.swift in Sources */ = {isa = PBXBuildFile; fileRef = 18D3B95C27C1905400B74C2D /* PloysTableViewCell.swift */; };
		18D3B95F27C1906700B74C2D /* ExtentionPloysView.swift in Sources */ = {isa = PBXBuildFile; fileRef = 18D3B95E27C1906700B74C2D /* ExtentionPloysView.swift */; };
		18D3B96627C190AE00B74C2D /* TacOpsModel.swift in Sources */ = {isa = PBXBuildFile; fileRef = 18D3B96527C190AE00B74C2D /* TacOpsModel.swift */; };
		18D3B96827C190C100B74C2D /* TacOpsPresenter.swift in Sources */ = {isa = PBXBuildFile; fileRef = 18D3B96727C190C100B74C2D /* TacOpsPresenter.swift */; };
		18D3B96A27C190D700B74C2D /* TacOpsViewController.swift in Sources */ = {isa = PBXBuildFile; fileRef = 18D3B96927C190D700B74C2D /* TacOpsViewController.swift */; };
		18D3B96E27C1913E00B74C2D /* GreenskinKillTeam.swift in Sources */ = {isa = PBXBuildFile; fileRef = 18D3B96D27C1913E00B74C2D /* GreenskinKillTeam.swift */; };
		18D3B97027C1915300B74C2D /* UnitGreenskin.swift in Sources */ = {isa = PBXBuildFile; fileRef = 18D3B96F27C1915300B74C2D /* UnitGreenskin.swift */; };
		18D3B97227C1916600B74C2D /* WeaponGreenskin.swift in Sources */ = {isa = PBXBuildFile; fileRef = 18D3B97127C1916600B74C2D /* WeaponGreenskin.swift */; };
		18E908972802BEE80077516B /* PloyView.swift in Sources */ = {isa = PBXBuildFile; fileRef = 18E908962802BEE80077516B /* PloyView.swift */; };
		18E90899280318C60077516B /* ExtensionEditUnitViewController.swift in Sources */ = {isa = PBXBuildFile; fileRef = 18E90898280318C60077516B /* ExtensionEditUnitViewController.swift */; };
		18E9089B280471550077516B /* CustomUIViewElements.swift in Sources */ = {isa = PBXBuildFile; fileRef = 18E9089A280471550077516B /* CustomUIViewElements.swift */; };
/* End PBXBuildFile section */

/* Begin PBXFileReference section */
		1810011527E9E5CF00A18B1B /* BoldTextLabel.swift */ = {isa = PBXFileReference; lastKnownFileType = sourcecode.swift; path = BoldTextLabel.swift; sourceTree = "<group>"; };
		1810011727EB5C6300A18B1B /* AbilitieView.swift */ = {isa = PBXFileReference; lastKnownFileType = sourcecode.swift; path = AbilitieView.swift; sourceTree = "<group>"; };
		1810011927EB5DCA00A18B1B /* UniqueActionView.swift */ = {isa = PBXFileReference; lastKnownFileType = sourcecode.swift; path = UniqueActionView.swift; sourceTree = "<group>"; };
		1810011B27EB633B00A18B1B /* HeaderView.swift */ = {isa = PBXFileReference; lastKnownFileType = sourcecode.swift; path = HeaderView.swift; sourceTree = "<group>"; };
		18103AA027F5F9F400DBD2C4 /* ErrorLayer.swift */ = {isa = PBXFileReference; lastKnownFileType = sourcecode.swift; path = ErrorLayer.swift; sourceTree = "<group>"; };
		18339DAB27C21BED00EBCC35 /* TacOpsCollectionCell.swift */ = {isa = PBXFileReference; lastKnownFileType = sourcecode.swift; path = TacOpsCollectionCell.swift; sourceTree = "<group>"; };
		1850BFA127E6871E00BBE41A /* AllFactionV1 .json */ = {isa = PBXFileReference; fileEncoding = 4; lastKnownFileType = text.json; name = "AllFactionV1 .json"; path = "../../../Downloads/AllFactionV1 .json"; sourceTree = "<group>"; };
		1857E36927C4E6D100FEFA76 /* MoreInfoTacOpView.swift */ = {isa = PBXFileReference; lastKnownFileType = sourcecode.swift; path = MoreInfoTacOpView.swift; sourceTree = "<group>"; };
		1857E36F27C574B900FEFA76 /* ChoosenTacOpsModel.swift */ = {isa = PBXFileReference; lastKnownFileType = sourcecode.swift; path = ChoosenTacOpsModel.swift; sourceTree = "<group>"; };
		1857E37227C574E600FEFA76 /* ChoosenTacOpsViewController.swift */ = {isa = PBXFileReference; lastKnownFileType = sourcecode.swift; path = ChoosenTacOpsViewController.swift; sourceTree = "<group>"; };
		1857E37427C575EF00FEFA76 /* ChoosenTacOpsPresenter.swift */ = {isa = PBXFileReference; lastKnownFileType = sourcecode.swift; path = ChoosenTacOpsPresenter.swift; sourceTree = "<group>"; };
		1857E37627C57BF600FEFA76 /* ChoosenTacOpsCell.swift */ = {isa = PBXFileReference; lastKnownFileType = sourcecode.swift; path = ChoosenTacOpsCell.swift; sourceTree = "<group>"; };
		1857E37827C6341E00FEFA76 /* GameStore.swift */ = {isa = PBXFileReference; lastKnownFileType = sourcecode.swift; path = GameStore.swift; sourceTree = "<group>"; };
		1857E37A27C6B94A00FEFA76 /* PloyMoreInfoView.swift */ = {isa = PBXFileReference; lastKnownFileType = sourcecode.swift; path = PloyMoreInfoView.swift; sourceTree = "<group>"; };
		1892482527EF06E800F1996C /* WeaponRuleButton.swift */ = {isa = PBXFileReference; lastKnownFileType = sourcecode.swift; path = WeaponRuleButton.swift; sourceTree = "<group>"; };
		1892482727EF1BC300F1996C /* WeaponRuleAlertController.swift */ = {isa = PBXFileReference; lastKnownFileType = sourcecode.swift; path = WeaponRuleAlertController.swift; sourceTree = "<group>"; };
		1892484927F09BAF00F1996C /* Constant.swift */ = {isa = PBXFileReference; lastKnownFileType = sourcecode.swift; path = Constant.swift; sourceTree = "<group>"; };
		1892484C27F1F1AD00F1996C /* BoldLabel.swift */ = {isa = PBXFileReference; lastKnownFileType = sourcecode.swift; path = BoldLabel.swift; sourceTree = "<group>"; };
		18A5214527C17D5B003A29DA /* KillTeamApplication.app */ = {isa = PBXFileReference; explicitFileType = wrapper.application; includeInIndex = 0; path = KillTeamApplication.app; sourceTree = BUILT_PRODUCTS_DIR; };
		18A5214827C17D5B003A29DA /* AppDelegate.swift */ = {isa = PBXFileReference; lastKnownFileType = sourcecode.swift; path = AppDelegate.swift; sourceTree = "<group>"; };
		18A5214A27C17D5B003A29DA /* SceneDelegate.swift */ = {isa = PBXFileReference; lastKnownFileType = sourcecode.swift; path = SceneDelegate.swift; sourceTree = "<group>"; };
		18A5215127C17D5C003A29DA /* Assets.xcassets */ = {isa = PBXFileReference; lastKnownFileType = folder.assetcatalog; path = Assets.xcassets; sourceTree = "<group>"; };
		18A5215427C17D5C003A29DA /* Base */ = {isa = PBXFileReference; lastKnownFileType = file.storyboard; name = Base; path = Base.lproj/LaunchScreen.storyboard; sourceTree = "<group>"; };
		18A5215627C17D5C003A29DA /* Info.plist */ = {isa = PBXFileReference; lastKnownFileType = text.plist.xml; path = Info.plist; sourceTree = "<group>"; };
		18A5215C27C17DB7003A29DA /* Builder.swift */ = {isa = PBXFileReference; lastKnownFileType = sourcecode.swift; path = Builder.swift; sourceTree = "<group>"; };
		18A5215E27C17DE7003A29DA /* SaveData.swift */ = {isa = PBXFileReference; lastKnownFileType = sourcecode.swift; path = SaveData.swift; sourceTree = "<group>"; };
		18A5216027C17DF7003A29DA /* Store.swift */ = {isa = PBXFileReference; lastKnownFileType = sourcecode.swift; path = Store.swift; sourceTree = "<group>"; };
		18A5216327C17E3B003A29DA /* EditKillTeamRouter.swift */ = {isa = PBXFileReference; lastKnownFileType = sourcecode.swift; path = EditKillTeamRouter.swift; sourceTree = "<group>"; };
		18A5216627C17E72003A29DA /* KillTeamObserverRouter.swift */ = {isa = PBXFileReference; lastKnownFileType = sourcecode.swift; path = KillTeamObserverRouter.swift; sourceTree = "<group>"; };
		18A5216827C17E89003A29DA /* MainTabBarController.swift */ = {isa = PBXFileReference; lastKnownFileType = sourcecode.swift; path = MainTabBarController.swift; sourceTree = "<group>"; };
		18A5216A27C17EB9003A29DA /* MainTabBarRouter.swift */ = {isa = PBXFileReference; lastKnownFileType = sourcecode.swift; path = MainTabBarRouter.swift; sourceTree = "<group>"; };
		18A5216C27C17ED8003A29DA /* PloysRouter.swift */ = {isa = PBXFileReference; lastKnownFileType = sourcecode.swift; path = PloysRouter.swift; sourceTree = "<group>"; };
		18A5216E27C17EF0003A29DA /* TacOpsRouter.swift */ = {isa = PBXFileReference; lastKnownFileType = sourcecode.swift; path = TacOpsRouter.swift; sourceTree = "<group>"; };
		18A5217527C181CB003A29DA /* AddFireTeamPresenter.swift */ = {isa = PBXFileReference; lastKnownFileType = sourcecode.swift; path = AddFireTeamPresenter.swift; sourceTree = "<group>"; };
		18A5217727C181E8003A29DA /* AddFireTeamModel.swift */ = {isa = PBXFileReference; lastKnownFileType = sourcecode.swift; path = AddFireTeamModel.swift; sourceTree = "<group>"; };
		18A5217927C18209003A29DA /* AddFireTeamCell.swift */ = {isa = PBXFileReference; lastKnownFileType = sourcecode.swift; path = AddFireTeamCell.swift; sourceTree = "<group>"; };
		18A5217B27C18222003A29DA /* AddFireTeamTableVC.swift */ = {isa = PBXFileReference; lastKnownFileType = sourcecode.swift; path = AddFireTeamTableVC.swift; sourceTree = "<group>"; };
		18A5217D27C18237003A29DA /* ExtensionAddFireTeamVC.swift */ = {isa = PBXFileReference; lastKnownFileType = sourcecode.swift; path = ExtensionAddFireTeamVC.swift; sourceTree = "<group>"; };
		18A5217F27C1825D003A29DA /* Model.swift */ = {isa = PBXFileReference; lastKnownFileType = sourcecode.swift; path = Model.swift; sourceTree = "<group>"; };
		18A5218527C182E2003A29DA /* ChooseLoadedKillTeamPresenter.swift */ = {isa = PBXFileReference; lastKnownFileType = sourcecode.swift; path = ChooseLoadedKillTeamPresenter.swift; sourceTree = "<group>"; };
		18A5218727C18301003A29DA /* ChooseLoadedKillTeamModel.swift */ = {isa = PBXFileReference; lastKnownFileType = sourcecode.swift; path = ChooseLoadedKillTeamModel.swift; sourceTree = "<group>"; };
		18A5218927C18321003A29DA /* ChooseLoadedKillTeamController.swift */ = {isa = PBXFileReference; lastKnownFileType = sourcecode.swift; path = ChooseLoadedKillTeamController.swift; sourceTree = "<group>"; };
		18A5218F27C18380003A29DA /* ChooseKillTeamPresenter.swift */ = {isa = PBXFileReference; lastKnownFileType = sourcecode.swift; path = ChooseKillTeamPresenter.swift; sourceTree = "<group>"; };
		18A5219127C1839B003A29DA /* ChooseKillTeamModel.swift */ = {isa = PBXFileReference; lastKnownFileType = sourcecode.swift; path = ChooseKillTeamModel.swift; sourceTree = "<group>"; };
		18A5219327C183C6003A29DA /* ChooseKillTeamTableViewCell.swift */ = {isa = PBXFileReference; lastKnownFileType = sourcecode.swift; path = ChooseKillTeamTableViewCell.swift; sourceTree = "<group>"; };
		18A5219527C183DB003A29DA /* ChooseKillTeamTableViewController.swift */ = {isa = PBXFileReference; lastKnownFileType = sourcecode.swift; path = ChooseKillTeamTableViewController.swift; sourceTree = "<group>"; };
		18A5219B27C18421003A29DA /* CounterPresenter.swift */ = {isa = PBXFileReference; lastKnownFileType = sourcecode.swift; path = CounterPresenter.swift; sourceTree = "<group>"; };
		18A5219D27C1843B003A29DA /* CounterModel.swift */ = {isa = PBXFileReference; lastKnownFileType = sourcecode.swift; path = CounterModel.swift; sourceTree = "<group>"; };
		18A5219F27C18467003A29DA /* CounterViewController.swift */ = {isa = PBXFileReference; lastKnownFileType = sourcecode.swift; path = CounterViewController.swift; sourceTree = "<group>"; };
		18A521A127C18486003A29DA /* CounterViewExtention.swift */ = {isa = PBXFileReference; lastKnownFileType = sourcecode.swift; path = CounterViewExtention.swift; sourceTree = "<group>"; };
		18A521A327C1849F003A29DA /* CurrentKillTeamView.swift */ = {isa = PBXFileReference; lastKnownFileType = sourcecode.swift; path = CurrentKillTeamView.swift; sourceTree = "<group>"; };
		18A521A927C18509003A29DA /* EditKillTeamModel.swift */ = {isa = PBXFileReference; lastKnownFileType = sourcecode.swift; path = EditKillTeamModel.swift; sourceTree = "<group>"; };
		18A521AB27C18520003A29DA /* EditKillTeamPresenter.swift */ = {isa = PBXFileReference; lastKnownFileType = sourcecode.swift; path = EditKillTeamPresenter.swift; sourceTree = "<group>"; };
		18A521AD27C18538003A29DA /* EditKillTeamCell.swift */ = {isa = PBXFileReference; lastKnownFileType = sourcecode.swift; path = EditKillTeamCell.swift; sourceTree = "<group>"; };
		18A521AF27C18566003A29DA /* EditKillTeamTableViewController.swift */ = {isa = PBXFileReference; lastKnownFileType = sourcecode.swift; path = EditKillTeamTableViewController.swift; sourceTree = "<group>"; };
		18A521B527C18A23003A29DA /* EditUnitModel.swift */ = {isa = PBXFileReference; lastKnownFileType = sourcecode.swift; path = EditUnitModel.swift; sourceTree = "<group>"; };
		18A521B727C18A5C003A29DA /* EditUnitPresenter.swift */ = {isa = PBXFileReference; lastKnownFileType = sourcecode.swift; path = EditUnitPresenter.swift; sourceTree = "<group>"; };
		18A521B927C18A90003A29DA /* EditUnitViewController.swift */ = {isa = PBXFileReference; lastKnownFileType = sourcecode.swift; path = EditUnitViewController.swift; sourceTree = "<group>"; };
		18A521BB27C18ABC003A29DA /* EditUnitWargearCell.swift */ = {isa = PBXFileReference; lastKnownFileType = sourcecode.swift; path = EditUnitWargearCell.swift; sourceTree = "<group>"; };
		18A521BD27C18AE1003A29DA /* EditUnitEquipmentCell.swift */ = {isa = PBXFileReference; lastKnownFileType = sourcecode.swift; path = EditUnitEquipmentCell.swift; sourceTree = "<group>"; };
		18A521BF27C18AFF003A29DA /* WeaponView.swift */ = {isa = PBXFileReference; lastKnownFileType = sourcecode.swift; path = WeaponView.swift; sourceTree = "<group>"; };
		18A521C127C18B5E003A29DA /* CustomAlert.swift */ = {isa = PBXFileReference; lastKnownFileType = sourcecode.swift; path = CustomAlert.swift; sourceTree = "<group>"; };
		18A521C327C18BB6003A29DA /* EquipmentView.swift */ = {isa = PBXFileReference; lastKnownFileType = sourcecode.swift; path = EquipmentView.swift; sourceTree = "<group>"; };
		18D3B94127C18ECB00B74C2D /* RosterModel.swift */ = {isa = PBXFileReference; lastKnownFileType = sourcecode.swift; path = RosterModel.swift; sourceTree = "<group>"; };
		18D3B94327C18EF100B74C2D /* RosterTableViewController.swift */ = {isa = PBXFileReference; lastKnownFileType = sourcecode.swift; path = RosterTableViewController.swift; sourceTree = "<group>"; };
		18D3B94527C18F2100B74C2D /* RosterPresenter.swift */ = {isa = PBXFileReference; lastKnownFileType = sourcecode.swift; path = RosterPresenter.swift; sourceTree = "<group>"; };
		18D3B94727C18F4000B74C2D /* MoreInfoUnitModel.swift */ = {isa = PBXFileReference; lastKnownFileType = sourcecode.swift; path = MoreInfoUnitModel.swift; sourceTree = "<group>"; };
		18D3B94927C18F5400B74C2D /* MoreUnitInfoPresenter.swift */ = {isa = PBXFileReference; lastKnownFileType = sourcecode.swift; path = MoreUnitInfoPresenter.swift; sourceTree = "<group>"; };
		18D3B94B27C18F7200B74C2D /* MoreInfoUnitViewController.swift */ = {isa = PBXFileReference; lastKnownFileType = sourcecode.swift; path = MoreInfoUnitViewController.swift; sourceTree = "<group>"; };
		18D3B94D27C18F8500B74C2D /* MethodUIExtention.swift */ = {isa = PBXFileReference; lastKnownFileType = sourcecode.swift; path = MethodUIExtention.swift; sourceTree = "<group>"; };
		18D3B94F27C18FA100B74C2D /* AdditionalVIew.swift */ = {isa = PBXFileReference; lastKnownFileType = sourcecode.swift; path = AdditionalVIew.swift; sourceTree = "<group>"; };
		18D3B95627C18FFE00B74C2D /* PloysModel.swift */ = {isa = PBXFileReference; lastKnownFileType = sourcecode.swift; path = PloysModel.swift; sourceTree = "<group>"; };
		18D3B95827C1901400B74C2D /* PloysPresenter.swift */ = {isa = PBXFileReference; lastKnownFileType = sourcecode.swift; path = PloysPresenter.swift; sourceTree = "<group>"; };
		18D3B95A27C1903200B74C2D /* PloysViewController.swift */ = {isa = PBXFileReference; lastKnownFileType = sourcecode.swift; path = PloysViewController.swift; sourceTree = "<group>"; };
		18D3B95C27C1905400B74C2D /* PloysTableViewCell.swift */ = {isa = PBXFileReference; lastKnownFileType = sourcecode.swift; path = PloysTableViewCell.swift; sourceTree = "<group>"; };
		18D3B95E27C1906700B74C2D /* ExtentionPloysView.swift */ = {isa = PBXFileReference; lastKnownFileType = sourcecode.swift; path = ExtentionPloysView.swift; sourceTree = "<group>"; };
		18D3B96527C190AE00B74C2D /* TacOpsModel.swift */ = {isa = PBXFileReference; lastKnownFileType = sourcecode.swift; path = TacOpsModel.swift; sourceTree = "<group>"; };
		18D3B96727C190C100B74C2D /* TacOpsPresenter.swift */ = {isa = PBXFileReference; lastKnownFileType = sourcecode.swift; path = TacOpsPresenter.swift; sourceTree = "<group>"; };
		18D3B96927C190D700B74C2D /* TacOpsViewController.swift */ = {isa = PBXFileReference; lastKnownFileType = sourcecode.swift; path = TacOpsViewController.swift; sourceTree = "<group>"; };
		18D3B96D27C1913E00B74C2D /* GreenskinKillTeam.swift */ = {isa = PBXFileReference; lastKnownFileType = sourcecode.swift; path = GreenskinKillTeam.swift; sourceTree = "<group>"; };
		18D3B96F27C1915300B74C2D /* UnitGreenskin.swift */ = {isa = PBXFileReference; lastKnownFileType = sourcecode.swift; path = UnitGreenskin.swift; sourceTree = "<group>"; };
		18D3B97127C1916600B74C2D /* WeaponGreenskin.swift */ = {isa = PBXFileReference; lastKnownFileType = sourcecode.swift; path = WeaponGreenskin.swift; sourceTree = "<group>"; };
		18E908962802BEE80077516B /* PloyView.swift */ = {isa = PBXFileReference; lastKnownFileType = sourcecode.swift; path = PloyView.swift; sourceTree = "<group>"; };
		18E90898280318C60077516B /* ExtensionEditUnitViewController.swift */ = {isa = PBXFileReference; lastKnownFileType = sourcecode.swift; path = ExtensionEditUnitViewController.swift; sourceTree = "<group>"; };
		18E9089A280471550077516B /* CustomUIViewElements.swift */ = {isa = PBXFileReference; lastKnownFileType = sourcecode.swift; path = CustomUIViewElements.swift; sourceTree = "<group>"; };
/* End PBXFileReference section */

/* Begin PBXFrameworksBuildPhase section */
		18A5214227C17D5B003A29DA /* Frameworks */ = {
			isa = PBXFrameworksBuildPhase;
			buildActionMask = 2147483647;
			files = (
			);
			runOnlyForDeploymentPostprocessing = 0;
		};
/* End PBXFrameworksBuildPhase section */

/* Begin PBXGroup section */
		18503FD627EB857400B62DB1 /* CustomUIView */ = {
			isa = PBXGroup;
			children = (
				18A521BF27C18AFF003A29DA /* WeaponView.swift */,
				18A521C327C18BB6003A29DA /* EquipmentView.swift */,
				1892482727EF1BC300F1996C /* WeaponRuleAlertController.swift */,
				1810011B27EB633B00A18B1B /* HeaderView.swift */,
				1810011927EB5DCA00A18B1B /* UniqueActionView.swift */,
				1810011727EB5C6300A18B1B /* AbilitieView.swift */,
				1810011527E9E5CF00A18B1B /* BoldTextLabel.swift */,
				1892482527EF06E800F1996C /* WeaponRuleButton.swift */,
				18A521C127C18B5E003A29DA /* CustomAlert.swift */,
			);
			path = CustomUIView;
			sourceTree = "<group>";
		};
		18503FD727EB859300B62DB1 /* Cell */ = {
			isa = PBXGroup;
			children = (
				18A521BB27C18ABC003A29DA /* EditUnitWargearCell.swift */,
				18A521BD27C18AE1003A29DA /* EditUnitEquipmentCell.swift */,
			);
			path = Cell;
			sourceTree = "<group>";
		};
		1857E36B27C573F000FEFA76 /* ChoosenTacOpsModule */ = {
			isa = PBXGroup;
			children = (
				1857E36E27C5740C00FEFA76 /* Model */,
				1857E36D27C5740700FEFA76 /* View */,
				1857E36C27C5740000FEFA76 /* Presenter */,
			);
			path = ChoosenTacOpsModule;
			sourceTree = "<group>";
		};
		1857E36C27C5740000FEFA76 /* Presenter */ = {
			isa = PBXGroup;
			children = (
				1857E37427C575EF00FEFA76 /* ChoosenTacOpsPresenter.swift */,
			);
			path = Presenter;
			sourceTree = "<group>";
		};
		1857E36D27C5740700FEFA76 /* View */ = {
			isa = PBXGroup;
			children = (
				1857E37227C574E600FEFA76 /* ChoosenTacOpsViewController.swift */,
				1857E37627C57BF600FEFA76 /* ChoosenTacOpsCell.swift */,
			);
			path = View;
			sourceTree = "<group>";
		};
		1857E36E27C5740C00FEFA76 /* Model */ = {
			isa = PBXGroup;
			children = (
				1857E36F27C574B900FEFA76 /* ChoosenTacOpsModel.swift */,
			);
			path = Model;
			sourceTree = "<group>";
		};
		1892484B27F1F18E00F1996C /* CustomUI */ = {
			isa = PBXGroup;
			children = (
				1892484C27F1F1AD00F1996C /* BoldLabel.swift */,
			);
			path = CustomUI;
			sourceTree = "<group>";
		};
		18A5213C27C17D5B003A29DA = {
			isa = PBXGroup;
			children = (
				18A5214727C17D5B003A29DA /* KillTeamApplication */,
				18A5214627C17D5B003A29DA /* Products */,
			);
			sourceTree = "<group>";
		};
		18A5214627C17D5B003A29DA /* Products */ = {
			isa = PBXGroup;
			children = (
				18A5214527C17D5B003A29DA /* KillTeamApplication.app */,
			);
			name = Products;
			sourceTree = "<group>";
		};
		18A5214727C17D5B003A29DA /* KillTeamApplication */ = {
			isa = PBXGroup;
			children = (
				18D3B96B27C1911900B74C2D /* KillTeamTest */,
				18A5214827C17D5B003A29DA /* AppDelegate.swift */,
				18A5214A27C17D5B003A29DA /* SceneDelegate.swift */,
				18A5217F27C1825D003A29DA /* Model.swift */,
				1892484927F09BAF00F1996C /* Constant.swift */,
				1850BFA127E6871E00BBE41A /* AllFactionV1 .json */,
				1892484B27F1F18E00F1996C /* CustomUI */,
				18A5216227C17E0C003A29DA /* Service */,
				18D3B96027C1908500B74C2D /* TacOpsBlock */,
				18D3B95127C18FD800B74C2D /* PloysBlock */,
				18D3B93827C18E6E00B74C2D /* ObserverKillTeamBlock */,
				18A5217027C1818A003A29DA /* EditKillTeamBlock */,
				18A5216527C17E5A003A29DA /* Router */,
				18A5215127C17D5C003A29DA /* Assets.xcassets */,
				18A5215327C17D5C003A29DA /* LaunchScreen.storyboard */,
				18A5215627C17D5C003A29DA /* Info.plist */,
			);
			path = KillTeamApplication;
			sourceTree = "<group>";
		};
		18A5216227C17E0C003A29DA /* Service */ = {
			isa = PBXGroup;
			children = (
				18A5215C27C17DB7003A29DA /* Builder.swift */,
				18A5215E27C17DE7003A29DA /* SaveData.swift */,
				18103AA027F5F9F400DBD2C4 /* ErrorLayer.swift */,
				18A5216027C17DF7003A29DA /* Store.swift */,
				1857E37827C6341E00FEFA76 /* GameStore.swift */,
			);
			path = Service;
			sourceTree = "<group>";
		};
		18A5216527C17E5A003A29DA /* Router */ = {
			isa = PBXGroup;
			children = (
				18A5216E27C17EF0003A29DA /* TacOpsRouter.swift */,
				18A5216C27C17ED8003A29DA /* PloysRouter.swift */,
				18A5216627C17E72003A29DA /* KillTeamObserverRouter.swift */,
				18A5216327C17E3B003A29DA /* EditKillTeamRouter.swift */,
				18A5216A27C17EB9003A29DA /* MainTabBarRouter.swift */,
				18A5216827C17E89003A29DA /* MainTabBarController.swift */,
			);
			path = Router;
			sourceTree = "<group>";
		};
		18A5217027C1818A003A29DA /* EditKillTeamBlock */ = {
			isa = PBXGroup;
			children = (
				18A521B127C18803003A29DA /* EditUnitModule */,
				18A5217127C18198003A29DA /* AddFireTeamModule */,
				18A521A527C184E1003A29DA /* EditKillTeamModule */,
				18A5218127C182AC003A29DA /* ChooseLoadedKillTeamModule */,
				18A5218B27C18353003A29DA /* ChooseKillTeamModule */,
				18A5219727C183FF003A29DA /* CounterModule */,
			);
			path = EditKillTeamBlock;
			sourceTree = "<group>";
		};
		18A5217127C18198003A29DA /* AddFireTeamModule */ = {
			isa = PBXGroup;
			children = (
				18A5217427C181B8003A29DA /* Model */,
				18A5217327C181B2003A29DA /* View */,
				18A5217227C181A5003A29DA /* Presenter */,
			);
			path = AddFireTeamModule;
			sourceTree = "<group>";
		};
		18A5217227C181A5003A29DA /* Presenter */ = {
			isa = PBXGroup;
			children = (
				18A5217527C181CB003A29DA /* AddFireTeamPresenter.swift */,
			);
			path = Presenter;
			sourceTree = "<group>";
		};
		18A5217327C181B2003A29DA /* View */ = {
			isa = PBXGroup;
			children = (
				18A5217B27C18222003A29DA /* AddFireTeamTableVC.swift */,
				18A5217927C18209003A29DA /* AddFireTeamCell.swift */,
				18A5217D27C18237003A29DA /* ExtensionAddFireTeamVC.swift */,
			);
			path = View;
			sourceTree = "<group>";
		};
		18A5217427C181B8003A29DA /* Model */ = {
			isa = PBXGroup;
			children = (
				18A5217727C181E8003A29DA /* AddFireTeamModel.swift */,
			);
			path = Model;
			sourceTree = "<group>";
		};
		18A5218127C182AC003A29DA /* ChooseLoadedKillTeamModule */ = {
			isa = PBXGroup;
			children = (
				18A5218427C182D4003A29DA /* Model */,
				18A5218327C182CE003A29DA /* View */,
				18A5218227C182C1003A29DA /* Presenter */,
			);
			path = ChooseLoadedKillTeamModule;
			sourceTree = "<group>";
		};
		18A5218227C182C1003A29DA /* Presenter */ = {
			isa = PBXGroup;
			children = (
				18A5218527C182E2003A29DA /* ChooseLoadedKillTeamPresenter.swift */,
			);
			path = Presenter;
			sourceTree = "<group>";
		};
		18A5218327C182CE003A29DA /* View */ = {
			isa = PBXGroup;
			children = (
				18A5218927C18321003A29DA /* ChooseLoadedKillTeamController.swift */,
			);
			path = View;
			sourceTree = "<group>";
		};
		18A5218427C182D4003A29DA /* Model */ = {
			isa = PBXGroup;
			children = (
				18A5218727C18301003A29DA /* ChooseLoadedKillTeamModel.swift */,
			);
			path = Model;
			sourceTree = "<group>";
		};
		18A5218B27C18353003A29DA /* ChooseKillTeamModule */ = {
			isa = PBXGroup;
			children = (
				18A5218E27C1836E003A29DA /* Model */,
				18A5218D27C18369003A29DA /* View */,
				18A5218C27C18361003A29DA /* Presenter */,
			);
			path = ChooseKillTeamModule;
			sourceTree = "<group>";
		};
		18A5218C27C18361003A29DA /* Presenter */ = {
			isa = PBXGroup;
			children = (
				18A5218F27C18380003A29DA /* ChooseKillTeamPresenter.swift */,
			);
			path = Presenter;
			sourceTree = "<group>";
		};
		18A5218D27C18369003A29DA /* View */ = {
			isa = PBXGroup;
			children = (
				18A5219527C183DB003A29DA /* ChooseKillTeamTableViewController.swift */,
				18A5219327C183C6003A29DA /* ChooseKillTeamTableViewCell.swift */,
			);
			path = View;
			sourceTree = "<group>";
		};
		18A5218E27C1836E003A29DA /* Model */ = {
			isa = PBXGroup;
			children = (
				18A5219127C1839B003A29DA /* ChooseKillTeamModel.swift */,
			);
			path = Model;
			sourceTree = "<group>";
		};
		18A5219727C183FF003A29DA /* CounterModule */ = {
			isa = PBXGroup;
			children = (
				18A5219A27C18412003A29DA /* Model */,
				18A5219927C1840D003A29DA /* View */,
				18A5219827C18403003A29DA /* Presenter */,
			);
			path = CounterModule;
			sourceTree = "<group>";
		};
		18A5219827C18403003A29DA /* Presenter */ = {
			isa = PBXGroup;
			children = (
				18A5219B27C18421003A29DA /* CounterPresenter.swift */,
			);
			path = Presenter;
			sourceTree = "<group>";
		};
		18A5219927C1840D003A29DA /* View */ = {
			isa = PBXGroup;
			children = (
				18A5219F27C18467003A29DA /* CounterViewController.swift */,
				18E9089A280471550077516B /* CustomUIViewElements.swift */,
				18A521A127C18486003A29DA /* CounterViewExtention.swift */,
				18A521A327C1849F003A29DA /* CurrentKillTeamView.swift */,
				1857E37A27C6B94A00FEFA76 /* PloyMoreInfoView.swift */,
			);
			path = View;
			sourceTree = "<group>";
		};
		18A5219A27C18412003A29DA /* Model */ = {
			isa = PBXGroup;
			children = (
				18A5219D27C1843B003A29DA /* CounterModel.swift */,
			);
			path = Model;
			sourceTree = "<group>";
		};
		18A521A527C184E1003A29DA /* EditKillTeamModule */ = {
			isa = PBXGroup;
			children = (
				18A521A827C184F4003A29DA /* Model */,
				18A521A727C184EF003A29DA /* View */,
				18A521A627C184E7003A29DA /* Presenter */,
			);
			path = EditKillTeamModule;
			sourceTree = "<group>";
		};
		18A521A627C184E7003A29DA /* Presenter */ = {
			isa = PBXGroup;
			children = (
				18A521AB27C18520003A29DA /* EditKillTeamPresenter.swift */,
			);
			path = Presenter;
			sourceTree = "<group>";
		};
		18A521A727C184EF003A29DA /* View */ = {
			isa = PBXGroup;
			children = (
				18A521AF27C18566003A29DA /* EditKillTeamTableViewController.swift */,
				18A521AD27C18538003A29DA /* EditKillTeamCell.swift */,
			);
			path = View;
			sourceTree = "<group>";
		};
		18A521A827C184F4003A29DA /* Model */ = {
			isa = PBXGroup;
			children = (
				18A521A927C18509003A29DA /* EditKillTeamModel.swift */,
			);
			path = Model;
			sourceTree = "<group>";
		};
		18A521B127C18803003A29DA /* EditUnitModule */ = {
			isa = PBXGroup;
			children = (
				18A521B427C18A02003A29DA /* Model */,
				18A521B327C189F0003A29DA /* View */,
				18A521B227C1880C003A29DA /* Presenter */,
			);
			path = EditUnitModule;
			sourceTree = "<group>";
		};
		18A521B227C1880C003A29DA /* Presenter */ = {
			isa = PBXGroup;
			children = (
				18A521B727C18A5C003A29DA /* EditUnitPresenter.swift */,
			);
			path = Presenter;
			sourceTree = "<group>";
		};
		18A521B327C189F0003A29DA /* View */ = {
			isa = PBXGroup;
			children = (
				18A521B927C18A90003A29DA /* EditUnitViewController.swift */,
				18E90898280318C60077516B /* ExtensionEditUnitViewController.swift */,
				18503FD727EB859300B62DB1 /* Cell */,
				18503FD627EB857400B62DB1 /* CustomUIView */,
			);
			path = View;
			sourceTree = "<group>";
		};
		18A521B427C18A02003A29DA /* Model */ = {
			isa = PBXGroup;
			children = (
				18A521B527C18A23003A29DA /* EditUnitModel.swift */,
			);
			path = Model;
			sourceTree = "<group>";
		};
		18D3B93827C18E6E00B74C2D /* ObserverKillTeamBlock */ = {
			isa = PBXGroup;
			children = (
				18D3B93927C18E7E00B74C2D /* MoreInfoUnitModule */,
				18D3B93A27C18E8700B74C2D /* RosterModule */,
			);
			path = ObserverKillTeamBlock;
			sourceTree = "<group>";
		};
		18D3B93927C18E7E00B74C2D /* MoreInfoUnitModule */ = {
			isa = PBXGroup;
			children = (
				18D3B94027C18EAC00B74C2D /* Model */,
				18D3B93F27C18EA800B74C2D /* View */,
				18D3B93E27C18EA200B74C2D /* Presenter */,
			);
			path = MoreInfoUnitModule;
			sourceTree = "<group>";
		};
		18D3B93A27C18E8700B74C2D /* RosterModule */ = {
			isa = PBXGroup;
			children = (
				18D3B93D27C18E9D00B74C2D /* Model */,
				18D3B93C27C18E9900B74C2D /* View */,
				18D3B93B27C18E8D00B74C2D /* Presenter */,
			);
			path = RosterModule;
			sourceTree = "<group>";
		};
		18D3B93B27C18E8D00B74C2D /* Presenter */ = {
			isa = PBXGroup;
			children = (
				18D3B94527C18F2100B74C2D /* RosterPresenter.swift */,
			);
			path = Presenter;
			sourceTree = "<group>";
		};
		18D3B93C27C18E9900B74C2D /* View */ = {
			isa = PBXGroup;
			children = (
				18D3B94327C18EF100B74C2D /* RosterTableViewController.swift */,
			);
			path = View;
			sourceTree = "<group>";
		};
		18D3B93D27C18E9D00B74C2D /* Model */ = {
			isa = PBXGroup;
			children = (
				18D3B94127C18ECB00B74C2D /* RosterModel.swift */,
			);
			path = Model;
			sourceTree = "<group>";
		};
		18D3B93E27C18EA200B74C2D /* Presenter */ = {
			isa = PBXGroup;
			children = (
				18D3B94927C18F5400B74C2D /* MoreUnitInfoPresenter.swift */,
			);
			path = Presenter;
			sourceTree = "<group>";
		};
		18D3B93F27C18EA800B74C2D /* View */ = {
			isa = PBXGroup;
			children = (
				18D3B94B27C18F7200B74C2D /* MoreInfoUnitViewController.swift */,
				18D3B94D27C18F8500B74C2D /* MethodUIExtention.swift */,
				18D3B94F27C18FA100B74C2D /* AdditionalVIew.swift */,
			);
			path = View;
			sourceTree = "<group>";
		};
		18D3B94027C18EAC00B74C2D /* Model */ = {
			isa = PBXGroup;
			children = (
				18D3B94727C18F4000B74C2D /* MoreInfoUnitModel.swift */,
			);
			path = Model;
			sourceTree = "<group>";
		};
		18D3B95127C18FD800B74C2D /* PloysBlock */ = {
			isa = PBXGroup;
			children = (
				18D3B95227C18FE200B74C2D /* PloysModule */,
			);
			path = PloysBlock;
			sourceTree = "<group>";
		};
		18D3B95227C18FE200B74C2D /* PloysModule */ = {
			isa = PBXGroup;
			children = (
				18D3B95527C18FF300B74C2D /* Model */,
				18D3B95427C18FED00B74C2D /* View */,
				18D3B95327C18FE600B74C2D /* Presenter */,
			);
			path = PloysModule;
			sourceTree = "<group>";
		};
		18D3B95327C18FE600B74C2D /* Presenter */ = {
			isa = PBXGroup;
			children = (
				18D3B95827C1901400B74C2D /* PloysPresenter.swift */,
			);
			path = Presenter;
			sourceTree = "<group>";
		};
		18D3B95427C18FED00B74C2D /* View */ = {
			isa = PBXGroup;
			children = (
				18D3B95A27C1903200B74C2D /* PloysViewController.swift */,
				18D3B95C27C1905400B74C2D /* PloysTableViewCell.swift */,
				18E908962802BEE80077516B /* PloyView.swift */,
				18D3B95E27C1906700B74C2D /* ExtentionPloysView.swift */,
			);
			path = View;
			sourceTree = "<group>";
		};
		18D3B95527C18FF300B74C2D /* Model */ = {
			isa = PBXGroup;
			children = (
				18D3B95627C18FFE00B74C2D /* PloysModel.swift */,
			);
			path = Model;
			sourceTree = "<group>";
		};
		18D3B96027C1908500B74C2D /* TacOpsBlock */ = {
			isa = PBXGroup;
			children = (
				1857E36B27C573F000FEFA76 /* ChoosenTacOpsModule */,
				18D3B96127C1909000B74C2D /* TacOpsModule */,
			);
			path = TacOpsBlock;
			sourceTree = "<group>";
		};
		18D3B96127C1909000B74C2D /* TacOpsModule */ = {
			isa = PBXGroup;
			children = (
				18D3B96427C1909F00B74C2D /* Model */,
				18D3B96327C1909A00B74C2D /* View */,
				18D3B96227C1909400B74C2D /* Presenter */,
			);
			path = TacOpsModule;
			sourceTree = "<group>";
		};
		18D3B96227C1909400B74C2D /* Presenter */ = {
			isa = PBXGroup;
			children = (
				18D3B96727C190C100B74C2D /* TacOpsPresenter.swift */,
			);
			path = Presenter;
			sourceTree = "<group>";
		};
		18D3B96327C1909A00B74C2D /* View */ = {
			isa = PBXGroup;
			children = (
				18D3B96927C190D700B74C2D /* TacOpsViewController.swift */,
				1857E36927C4E6D100FEFA76 /* MoreInfoTacOpView.swift */,
				18339DAB27C21BED00EBCC35 /* TacOpsCollectionCell.swift */,
			);
			path = View;
			sourceTree = "<group>";
		};
		18D3B96427C1909F00B74C2D /* Model */ = {
			isa = PBXGroup;
			children = (
				18D3B96527C190AE00B74C2D /* TacOpsModel.swift */,
			);
			path = Model;
			sourceTree = "<group>";
		};
		18D3B96B27C1911900B74C2D /* KillTeamTest */ = {
			isa = PBXGroup;
			children = (
				18D3B96C27C1912000B74C2D /* Greenskin */,
			);
			path = KillTeamTest;
			sourceTree = "<group>";
		};
		18D3B96C27C1912000B74C2D /* Greenskin */ = {
			isa = PBXGroup;
			children = (
				18D3B96D27C1913E00B74C2D /* GreenskinKillTeam.swift */,
				18D3B96F27C1915300B74C2D /* UnitGreenskin.swift */,
				18D3B97127C1916600B74C2D /* WeaponGreenskin.swift */,
			);
			path = Greenskin;
			sourceTree = "<group>";
		};
/* End PBXGroup section */

/* Begin PBXNativeTarget section */
		18A5214427C17D5B003A29DA /* KillTeamApplication */ = {
			isa = PBXNativeTarget;
			buildConfigurationList = 18A5215927C17D5C003A29DA /* Build configuration list for PBXNativeTarget "KillTeamApplication" */;
			buildPhases = (
				18A5214127C17D5B003A29DA /* Sources */,
				18A5214227C17D5B003A29DA /* Frameworks */,
				18A5214327C17D5B003A29DA /* Resources */,
			);
			buildRules = (
			);
			dependencies = (
			);
			name = KillTeamApplication;
			productName = KillTeamApplication;
			productReference = 18A5214527C17D5B003A29DA /* KillTeamApplication.app */;
			productType = "com.apple.product-type.application";
		};
/* End PBXNativeTarget section */

/* Begin PBXProject section */
		18A5213D27C17D5B003A29DA /* Project object */ = {
			isa = PBXProject;
			attributes = {
				LastSwiftUpdateCheck = 1250;
				LastUpgradeCheck = 1250;
				TargetAttributes = {
					18A5214427C17D5B003A29DA = {
						CreatedOnToolsVersion = 12.5;
					};
				};
			};
			buildConfigurationList = 18A5214027C17D5B003A29DA /* Build configuration list for PBXProject "KillTeamApplication" */;
			compatibilityVersion = "Xcode 9.3";
			developmentRegion = en;
			hasScannedForEncodings = 0;
			knownRegions = (
				en,
				Base,
			);
			mainGroup = 18A5213C27C17D5B003A29DA;
			productRefGroup = 18A5214627C17D5B003A29DA /* Products */;
			projectDirPath = "";
			projectRoot = "";
			targets = (
				18A5214427C17D5B003A29DA /* KillTeamApplication */,
			);
		};
/* End PBXProject section */

/* Begin PBXResourcesBuildPhase section */
		18A5214327C17D5B003A29DA /* Resources */ = {
			isa = PBXResourcesBuildPhase;
			buildActionMask = 2147483647;
			files = (
				18A5215527C17D5C003A29DA /* LaunchScreen.storyboard in Resources */,
				18A5215227C17D5C003A29DA /* Assets.xcassets in Resources */,
				1850BFA227E6871E00BBE41A /* AllFactionV1 .json in Resources */,
			);
			runOnlyForDeploymentPostprocessing = 0;
		};
/* End PBXResourcesBuildPhase section */

/* Begin PBXSourcesBuildPhase section */
		18A5214127C17D5B003A29DA /* Sources */ = {
			isa = PBXSourcesBuildPhase;
			buildActionMask = 2147483647;
			files = (
				18A5217827C181E8003A29DA /* AddFireTeamModel.swift in Sources */,
				18D3B96E27C1913E00B74C2D /* GreenskinKillTeam.swift in Sources */,
				18D3B94C27C18F7200B74C2D /* MoreInfoUnitViewController.swift in Sources */,
				1857E37727C57BF600FEFA76 /* ChoosenTacOpsCell.swift in Sources */,
				18A5218627C182E2003A29DA /* ChooseLoadedKillTeamPresenter.swift in Sources */,
				18D3B97227C1916600B74C2D /* WeaponGreenskin.swift in Sources */,
				18E9089B280471550077516B /* CustomUIViewElements.swift in Sources */,
				18A5216427C17E3B003A29DA /* EditKillTeamRouter.swift in Sources */,
				18A5216927C17E89003A29DA /* MainTabBarController.swift in Sources */,
				18A5216B27C17EB9003A29DA /* MainTabBarRouter.swift in Sources */,
				18A5216F27C17EF0003A29DA /* TacOpsRouter.swift in Sources */,
				1857E36A27C4E6D100FEFA76 /* MoreInfoTacOpView.swift in Sources */,
				18A521AC27C18520003A29DA /* EditKillTeamPresenter.swift in Sources */,
				18A5214927C17D5B003A29DA /* AppDelegate.swift in Sources */,
				18A5219E27C1843B003A29DA /* CounterModel.swift in Sources */,
				18A521A027C18467003A29DA /* CounterViewController.swift in Sources */,
				18A5216D27C17ED8003A29DA /* PloysRouter.swift in Sources */,
				18D3B94427C18EF100B74C2D /* RosterTableViewController.swift in Sources */,
				18A521A427C1849F003A29DA /* CurrentKillTeamView.swift in Sources */,
				1892482827EF1BC300F1996C /* WeaponRuleAlertController.swift in Sources */,
				18D3B94E27C18F8500B74C2D /* MethodUIExtention.swift in Sources */,
				18D3B95F27C1906700B74C2D /* ExtentionPloysView.swift in Sources */,
				18A5219C27C18421003A29DA /* CounterPresenter.swift in Sources */,
				18A521B027C18566003A29DA /* EditKillTeamTableViewController.swift in Sources */,
				18A5219427C183C6003A29DA /* ChooseKillTeamTableViewCell.swift in Sources */,
				18A5216727C17E72003A29DA /* KillTeamObserverRouter.swift in Sources */,
				1857E37027C574B900FEFA76 /* ChoosenTacOpsModel.swift in Sources */,
				18A5218027C1825D003A29DA /* Model.swift in Sources */,
				1892484A27F09BAF00F1996C /* Constant.swift in Sources */,
				18A521BE27C18AE1003A29DA /* EditUnitEquipmentCell.swift in Sources */,
				18D3B95927C1901400B74C2D /* PloysPresenter.swift in Sources */,
				18A5214B27C17D5B003A29DA /* SceneDelegate.swift in Sources */,
				18D3B95727C18FFE00B74C2D /* PloysModel.swift in Sources */,
				18A5217C27C18222003A29DA /* AddFireTeamTableVC.swift in Sources */,
				18A521B827C18A5C003A29DA /* EditUnitPresenter.swift in Sources */,
				18E90899280318C60077516B /* ExtensionEditUnitViewController.swift in Sources */,
				1892484D27F1F1AD00F1996C /* BoldLabel.swift in Sources */,
				18D3B95027C18FA100B74C2D /* AdditionalVIew.swift in Sources */,
				18A521C427C18BB6003A29DA /* EquipmentView.swift in Sources */,
				18A521BC27C18ABC003A29DA /* EditUnitWargearCell.swift in Sources */,
				18A521A227C18486003A29DA /* CounterViewExtention.swift in Sources */,
				18339DAC27C21BED00EBCC35 /* TacOpsCollectionCell.swift in Sources */,
				1810011827EB5C6300A18B1B /* AbilitieView.swift in Sources */,
				18A5219227C1839B003A29DA /* ChooseKillTeamModel.swift in Sources */,
				18D3B95B27C1903200B74C2D /* PloysViewController.swift in Sources */,
				18A5217627C181CB003A29DA /* AddFireTeamPresenter.swift in Sources */,
				1810011A27EB5DCA00A18B1B /* UniqueActionView.swift in Sources */,
				18D3B94827C18F4000B74C2D /* MoreInfoUnitModel.swift in Sources */,
				18D3B96A27C190D700B74C2D /* TacOpsViewController.swift in Sources */,
				18D3B96827C190C100B74C2D /* TacOpsPresenter.swift in Sources */,
				18103AA127F5F9F400DBD2C4 /* ErrorLayer.swift in Sources */,
				18A521AA27C18509003A29DA /* EditKillTeamModel.swift in Sources */,
				18A5219027C18380003A29DA /* ChooseKillTeamPresenter.swift in Sources */,
				18A5217E27C18237003A29DA /* ExtensionAddFireTeamVC.swift in Sources */,
				1810011627E9E5CF00A18B1B /* BoldTextLabel.swift in Sources */,
				1857E37927C6341E00FEFA76 /* GameStore.swift in Sources */,
				18D3B96627C190AE00B74C2D /* TacOpsModel.swift in Sources */,
				1892482627EF06E800F1996C /* WeaponRuleButton.swift in Sources */,
				18A5216127C17DF7003A29DA /* Store.swift in Sources */,
				18A521C227C18B5E003A29DA /* CustomAlert.swift in Sources */,
				1857E37527C575EF00FEFA76 /* ChoosenTacOpsPresenter.swift in Sources */,
				18A521BA27C18A90003A29DA /* EditUnitViewController.swift in Sources */,
				1810011C27EB633B00A18B1B /* HeaderView.swift in Sources */,
				18A5218827C18301003A29DA /* ChooseLoadedKillTeamModel.swift in Sources */,
				18D3B94A27C18F5400B74C2D /* MoreUnitInfoPresenter.swift in Sources */,
				18D3B97027C1915300B74C2D /* UnitGreenskin.swift in Sources */,
				1857E37B27C6B94A00FEFA76 /* PloyMoreInfoView.swift in Sources */,
				18D3B95D27C1905400B74C2D /* PloysTableViewCell.swift in Sources */,
				18A5217A27C18209003A29DA /* AddFireTeamCell.swift in Sources */,
				18D3B94227C18ECB00B74C2D /* RosterModel.swift in Sources */,
				18A5219627C183DB003A29DA /* ChooseKillTeamTableViewController.swift in Sources */,
				18E908972802BEE80077516B /* PloyView.swift in Sources */,
				18A5215D27C17DB7003A29DA /* Builder.swift in Sources */,
				18A5215F27C17DE7003A29DA /* SaveData.swift in Sources */,
				18A5218A27C18321003A29DA /* ChooseLoadedKillTeamController.swift in Sources */,
				18A521C027C18AFF003A29DA /* WeaponView.swift in Sources */,
				1857E37327C574E600FEFA76 /* ChoosenTacOpsViewController.swift in Sources */,
				18A521B627C18A23003A29DA /* EditUnitModel.swift in Sources */,
				18D3B94627C18F2100B74C2D /* RosterPresenter.swift in Sources */,
				18A521AE27C18538003A29DA /* EditKillTeamCell.swift in Sources */,
			);
			runOnlyForDeploymentPostprocessing = 0;
		};
/* End PBXSourcesBuildPhase section */

/* Begin PBXVariantGroup section */
		18A5215327C17D5C003A29DA /* LaunchScreen.storyboard */ = {
			isa = PBXVariantGroup;
			children = (
				18A5215427C17D5C003A29DA /* Base */,
			);
			name = LaunchScreen.storyboard;
			sourceTree = "<group>";
		};
/* End PBXVariantGroup section */

/* Begin XCBuildConfiguration section */
		18A5215727C17D5C003A29DA /* Debug */ = {
			isa = XCBuildConfiguration;
			buildSettings = {
				ALWAYS_SEARCH_USER_PATHS = NO;
				CLANG_ANALYZER_NONNULL = YES;
				CLANG_ANALYZER_NUMBER_OBJECT_CONVERSION = YES_AGGRESSIVE;
				CLANG_CXX_LANGUAGE_STANDARD = "gnu++14";
				CLANG_CXX_LIBRARY = "libc++";
				CLANG_ENABLE_MODULES = YES;
				CLANG_ENABLE_OBJC_ARC = YES;
				CLANG_ENABLE_OBJC_WEAK = YES;
				CLANG_WARN_BLOCK_CAPTURE_AUTORELEASING = YES;
				CLANG_WARN_BOOL_CONVERSION = YES;
				CLANG_WARN_COMMA = YES;
				CLANG_WARN_CONSTANT_CONVERSION = YES;
				CLANG_WARN_DEPRECATED_OBJC_IMPLEMENTATIONS = YES;
				CLANG_WARN_DIRECT_OBJC_ISA_USAGE = YES_ERROR;
				CLANG_WARN_DOCUMENTATION_COMMENTS = YES;
				CLANG_WARN_EMPTY_BODY = YES;
				CLANG_WARN_ENUM_CONVERSION = YES;
				CLANG_WARN_INFINITE_RECURSION = YES;
				CLANG_WARN_INT_CONVERSION = YES;
				CLANG_WARN_NON_LITERAL_NULL_CONVERSION = YES;
				CLANG_WARN_OBJC_IMPLICIT_RETAIN_SELF = YES;
				CLANG_WARN_OBJC_LITERAL_CONVERSION = YES;
				CLANG_WARN_OBJC_ROOT_CLASS = YES_ERROR;
				CLANG_WARN_QUOTED_INCLUDE_IN_FRAMEWORK_HEADER = YES;
				CLANG_WARN_RANGE_LOOP_ANALYSIS = YES;
				CLANG_WARN_STRICT_PROTOTYPES = YES;
				CLANG_WARN_SUSPICIOUS_MOVE = YES;
				CLANG_WARN_UNGUARDED_AVAILABILITY = YES_AGGRESSIVE;
				CLANG_WARN_UNREACHABLE_CODE = YES;
				CLANG_WARN__DUPLICATE_METHOD_MATCH = YES;
				COPY_PHASE_STRIP = NO;
				DEBUG_INFORMATION_FORMAT = dwarf;
				ENABLE_STRICT_OBJC_MSGSEND = YES;
				ENABLE_TESTABILITY = YES;
				GCC_C_LANGUAGE_STANDARD = gnu11;
				GCC_DYNAMIC_NO_PIC = NO;
				GCC_NO_COMMON_BLOCKS = YES;
				GCC_OPTIMIZATION_LEVEL = 0;
				GCC_PREPROCESSOR_DEFINITIONS = (
					"DEBUG=1",
					"$(inherited)",
				);
				GCC_WARN_64_TO_32_BIT_CONVERSION = YES;
				GCC_WARN_ABOUT_RETURN_TYPE = YES_ERROR;
				GCC_WARN_UNDECLARED_SELECTOR = YES;
				GCC_WARN_UNINITIALIZED_AUTOS = YES_AGGRESSIVE;
				GCC_WARN_UNUSED_FUNCTION = YES;
				GCC_WARN_UNUSED_VARIABLE = YES;
				IPHONEOS_DEPLOYMENT_TARGET = 14.5;
				MTL_ENABLE_DEBUG_INFO = INCLUDE_SOURCE;
				MTL_FAST_MATH = YES;
				ONLY_ACTIVE_ARCH = YES;
				SDKROOT = iphoneos;
				SWIFT_ACTIVE_COMPILATION_CONDITIONS = DEBUG;
				SWIFT_OPTIMIZATION_LEVEL = "-Onone";
			};
			name = Debug;
		};
		18A5215827C17D5C003A29DA /* Release */ = {
			isa = XCBuildConfiguration;
			buildSettings = {
				ALWAYS_SEARCH_USER_PATHS = NO;
				CLANG_ANALYZER_NONNULL = YES;
				CLANG_ANALYZER_NUMBER_OBJECT_CONVERSION = YES_AGGRESSIVE;
				CLANG_CXX_LANGUAGE_STANDARD = "gnu++14";
				CLANG_CXX_LIBRARY = "libc++";
				CLANG_ENABLE_MODULES = YES;
				CLANG_ENABLE_OBJC_ARC = YES;
				CLANG_ENABLE_OBJC_WEAK = YES;
				CLANG_WARN_BLOCK_CAPTURE_AUTORELEASING = YES;
				CLANG_WARN_BOOL_CONVERSION = YES;
				CLANG_WARN_COMMA = YES;
				CLANG_WARN_CONSTANT_CONVERSION = YES;
				CLANG_WARN_DEPRECATED_OBJC_IMPLEMENTATIONS = YES;
				CLANG_WARN_DIRECT_OBJC_ISA_USAGE = YES_ERROR;
				CLANG_WARN_DOCUMENTATION_COMMENTS = YES;
				CLANG_WARN_EMPTY_BODY = YES;
				CLANG_WARN_ENUM_CONVERSION = YES;
				CLANG_WARN_INFINITE_RECURSION = YES;
				CLANG_WARN_INT_CONVERSION = YES;
				CLANG_WARN_NON_LITERAL_NULL_CONVERSION = YES;
				CLANG_WARN_OBJC_IMPLICIT_RETAIN_SELF = YES;
				CLANG_WARN_OBJC_LITERAL_CONVERSION = YES;
				CLANG_WARN_OBJC_ROOT_CLASS = YES_ERROR;
				CLANG_WARN_QUOTED_INCLUDE_IN_FRAMEWORK_HEADER = YES;
				CLANG_WARN_RANGE_LOOP_ANALYSIS = YES;
				CLANG_WARN_STRICT_PROTOTYPES = YES;
				CLANG_WARN_SUSPICIOUS_MOVE = YES;
				CLANG_WARN_UNGUARDED_AVAILABILITY = YES_AGGRESSIVE;
				CLANG_WARN_UNREACHABLE_CODE = YES;
				CLANG_WARN__DUPLICATE_METHOD_MATCH = YES;
				COPY_PHASE_STRIP = NO;
				DEBUG_INFORMATION_FORMAT = "dwarf-with-dsym";
				ENABLE_NS_ASSERTIONS = NO;
				ENABLE_STRICT_OBJC_MSGSEND = YES;
				GCC_C_LANGUAGE_STANDARD = gnu11;
				GCC_NO_COMMON_BLOCKS = YES;
				GCC_WARN_64_TO_32_BIT_CONVERSION = YES;
				GCC_WARN_ABOUT_RETURN_TYPE = YES_ERROR;
				GCC_WARN_UNDECLARED_SELECTOR = YES;
				GCC_WARN_UNINITIALIZED_AUTOS = YES_AGGRESSIVE;
				GCC_WARN_UNUSED_FUNCTION = YES;
				GCC_WARN_UNUSED_VARIABLE = YES;
				IPHONEOS_DEPLOYMENT_TARGET = 14.5;
				MTL_ENABLE_DEBUG_INFO = NO;
				MTL_FAST_MATH = YES;
				SDKROOT = iphoneos;
				SWIFT_COMPILATION_MODE = wholemodule;
				SWIFT_OPTIMIZATION_LEVEL = "-O";
				VALIDATE_PRODUCT = YES;
			};
			name = Release;
		};
		18A5215A27C17D5C003A29DA /* Debug */ = {
			isa = XCBuildConfiguration;
			buildSettings = {
				ASSETCATALOG_COMPILER_APPICON_NAME = AppIcon;
				ASSETCATALOG_COMPILER_GLOBAL_ACCENT_COLOR_NAME = AccentColor;
				CODE_SIGN_STYLE = Automatic;
				DEVELOPMENT_TEAM = X76643KRX5;
				INFOPLIST_FILE = KillTeamApplication/Info.plist;
				LD_RUNPATH_SEARCH_PATHS = (
					"$(inherited)",
					"@executable_path/Frameworks",
				);
				PRODUCT_BUNDLE_IDENTIFIER = Project.KillTeamApplication;
				PRODUCT_NAME = "$(TARGET_NAME)";
				SWIFT_VERSION = 5.0;
				TARGETED_DEVICE_FAMILY = "1,2";
			};
			name = Debug;
		};
		18A5215B27C17D5C003A29DA /* Release */ = {
			isa = XCBuildConfiguration;
			buildSettings = {
				ASSETCATALOG_COMPILER_APPICON_NAME = AppIcon;
				ASSETCATALOG_COMPILER_GLOBAL_ACCENT_COLOR_NAME = AccentColor;
				CODE_SIGN_STYLE = Automatic;
				DEVELOPMENT_TEAM = X76643KRX5;
				INFOPLIST_FILE = KillTeamApplication/Info.plist;
				LD_RUNPATH_SEARCH_PATHS = (
					"$(inherited)",
					"@executable_path/Frameworks",
				);
				PRODUCT_BUNDLE_IDENTIFIER = Project.KillTeamApplication;
				PRODUCT_NAME = "$(TARGET_NAME)";
				SWIFT_VERSION = 5.0;
				TARGETED_DEVICE_FAMILY = "1,2";
			};
			name = Release;
		};
/* End XCBuildConfiguration section */

/* Begin XCConfigurationList section */
		18A5214027C17D5B003A29DA /* Build configuration list for PBXProject "KillTeamApplication" */ = {
			isa = XCConfigurationList;
			buildConfigurations = (
				18A5215727C17D5C003A29DA /* Debug */,
				18A5215827C17D5C003A29DA /* Release */,
			);
			defaultConfigurationIsVisible = 0;
			defaultConfigurationName = Release;
		};
		18A5215927C17D5C003A29DA /* Build configuration list for PBXNativeTarget "KillTeamApplication" */ = {
			isa = XCConfigurationList;
			buildConfigurations = (
				18A5215A27C17D5C003A29DA /* Debug */,
				18A5215B27C17D5C003A29DA /* Release */,
			);
			defaultConfigurationIsVisible = 0;
			defaultConfigurationName = Release;
		};
/* End XCConfigurationList section */
	};
	rootObject = 18A5213D27C17D5B003A29DA /* Project object */;
}
